
Microsoft Visual Studio Solution File, Format Version 12.00
# Visual Studio 15
VisualStudioVersion = 15.0.26730.12
MinimumVisualStudioVersion = 10.0.40219.1
Project("{9A19103F-16F7-4668-BE54-9A1E7A4F7556}") = "Contact.Manager.Api", "Contact.Manager.Api\Contact.Manager.Api.csproj", "{93D139CC-DE28-4CD4-BC5E-A961E018C18F}"
EndProject
Project("{9A19103F-16F7-4668-BE54-9A1E7A4F7556}") = "Contact.Manager.Data.Access.Layer", "Contact.Manager.Data.Access.Layer\Contact.Manager.Data.Access.Layer.csproj", "{B207C465-426D-4662-9E24-A0333C019E5A}"
EndProject
Project("{FAE04EC0-301F-11D3-BF4B-00C04F79EFBC}") = "Contact.Manager.Api.Tests", "Contact.Manager.Api.Tests\Contact.Manager.Api.Tests.csproj", "{3DB24F85-0556-4E73-980D-D7BE71417094}"
EndProject
Global
	GlobalSection(SolutionConfigurationPlatforms) = preSolution
		Debug|Any CPU = Debug|Any CPU
		Release|Any CPU = Release|Any CPU
	EndGlobalSection
	GlobalSection(ProjectConfigurationPlatforms) = postSolution
		{93D139CC-DE28-4CD4-BC5E-A961E018C18F}.Debug|Any CPU.ActiveCfg = Debug|Any CPU
		{93D139CC-DE28-4CD4-BC5E-A961E018C18F}.Debug|Any CPU.Build.0 = Debug|Any CPU
		{93D139CC-DE28-4CD4-BC5E-A961E018C18F}.Release|Any CPU.ActiveCfg = Release|Any CPU
		{93D139CC-DE28-4CD4-BC5E-A961E018C18F}.Release|Any CPU.Build.0 = Release|Any CPU
		{B207C465-426D-4662-9E24-A0333C019E5A}.Debug|Any CPU.ActiveCfg = Debug|Any CPU
		{B207C465-426D-4662-9E24-A0333C019E5A}.Debug|Any CPU.Build.0 = Debug|Any CPU
		{B207C465-426D-4662-9E24-A0333C019E5A}.Release|Any CPU.ActiveCfg = Release|Any CPU
		{B207C465-426D-4662-9E24-A0333C019E5A}.Release|Any CPU.Build.0 = Release|Any CPU
		{3DB24F85-0556-4E73-980D-D7BE71417094}.Debug|Any CPU.ActiveCfg = Debug|Any CPU
		{3DB24F85-0556-4E73-980D-D7BE71417094}.Debug|Any CPU.Build.0 = Debug|Any CPU
		{3DB24F85-0556-4E73-980D-D7BE71417094}.Release|Any CPU.ActiveCfg = Release|Any CPU
		{3DB24F85-0556-4E73-980D-D7BE71417094}.Release|Any CPU.Build.0 = Release|Any CPU
	EndGlobalSection
	GlobalSection(SolutionProperties) = preSolution
		HideSolutionNode = FALSE
	EndGlobalSection
	GlobalSection(ExtensibilityGlobals) = postSolution
		SolutionGuid = {F516E12A-D156-4842-BA5B-240B2BCE1C34}
	EndGlobalSection
EndGlobal
